
Microsoft Visual Studio Solution File, Format Version 12.00
# Visual Studio 15
VisualStudioVersion = 15.0.26403.7
MinimumVisualStudioVersion = 10.0.40219.1
Project("{FAE04EC0-301F-11D3-BF4B-00C04F79EFBC}") = "StretchOS.ServiceCenter", "StretchOS.ServiceCenter\StretchOS.ServiceCenter.csproj", "{87AFDCF9-2874-40D9-ADE9-62469C9AADC6}"
EndProject
Project("{FAE04EC0-301F-11D3-BF4B-00C04F79EFBC}") = "StretchOS.Lifetime", "StretchOS.Lifetime\StretchOS.Lifetime.csproj", "{DC8ACA61-E349-4E55-BFB3-227005E0A622}"
EndProject
Project("{FAE04EC0-301F-11D3-BF4B-00C04F79EFBC}") = "StretchOS.Selenium", "StretchOS.Selenium\StretchOS.Selenium.csproj", "{5A0CB078-8292-443D-B321-32D8D1D33544}"
EndProject
Project("{FAE04EC0-301F-11D3-BF4B-00C04F79EFBC}") = "StretchOS.Selenium.UnitTests", "StretchOS.Selenium.UnitTests\StretchOS.Selenium.UnitTests.csproj", "{3557BAD8-B6B2-428E-924C-CE612D47B68F}"
EndProject
Project("{FAE04EC0-301F-11D3-BF4B-00C04F79EFBC}") = "StretchOS.ServiceCenter.UnitTests", "StretchOS.ServiceCenter.UnitTests\StretchOS.ServiceCenter.UnitTests.csproj", "{7790CDE4-7614-48FE-9982-7291A848EE88}"
EndProject
Project("{2150E333-8FDC-42A3-9474-1A3956D46DE8}") = "Tests", "Tests", "{C2D43476-AD1E-4B5A-AE10-FB8E1AF716B8}"
EndProject
Global
	GlobalSection(SolutionConfigurationPlatforms) = preSolution
		Debug|Any CPU = Debug|Any CPU
		Release|Any CPU = Release|Any CPU
	EndGlobalSection
	GlobalSection(ProjectConfigurationPlatforms) = postSolution
		{87AFDCF9-2874-40D9-ADE9-62469C9AADC6}.Debug|Any CPU.ActiveCfg = Debug|Any CPU
		{87AFDCF9-2874-40D9-ADE9-62469C9AADC6}.Debug|Any CPU.Build.0 = Debug|Any CPU
		{87AFDCF9-2874-40D9-ADE9-62469C9AADC6}.Release|Any CPU.ActiveCfg = Release|Any CPU
		{87AFDCF9-2874-40D9-ADE9-62469C9AADC6}.Release|Any CPU.Build.0 = Release|Any CPU
		{DC8ACA61-E349-4E55-BFB3-227005E0A622}.Debug|Any CPU.ActiveCfg = Debug|Any CPU
		{DC8ACA61-E349-4E55-BFB3-227005E0A622}.Debug|Any CPU.Build.0 = Debug|Any CPU
		{DC8ACA61-E349-4E55-BFB3-227005E0A622}.Release|Any CPU.ActiveCfg = Release|Any CPU
		{DC8ACA61-E349-4E55-BFB3-227005E0A622}.Release|Any CPU.Build.0 = Release|Any CPU
		{5A0CB078-8292-443D-B321-32D8D1D33544}.Debug|Any CPU.ActiveCfg = Debug|Any CPU
		{5A0CB078-8292-443D-B321-32D8D1D33544}.Debug|Any CPU.Build.0 = Debug|Any CPU
		{5A0CB078-8292-443D-B321-32D8D1D33544}.Release|Any CPU.ActiveCfg = Release|Any CPU
		{5A0CB078-8292-443D-B321-32D8D1D33544}.Release|Any CPU.Build.0 = Release|Any CPU
		{3557BAD8-B6B2-428E-924C-CE612D47B68F}.Debug|Any CPU.ActiveCfg = Debug|Any CPU
		{3557BAD8-B6B2-428E-924C-CE612D47B68F}.Debug|Any CPU.Build.0 = Debug|Any CPU
		{3557BAD8-B6B2-428E-924C-CE612D47B68F}.Release|Any CPU.ActiveCfg = Release|Any CPU
		{3557BAD8-B6B2-428E-924C-CE612D47B68F}.Release|Any CPU.Build.0 = Release|Any CPU
		{7790CDE4-7614-48FE-9982-7291A848EE88}.Debug|Any CPU.ActiveCfg = Debug|Any CPU
		{7790CDE4-7614-48FE-9982-7291A848EE88}.Debug|Any CPU.Build.0 = Debug|Any CPU
		{7790CDE4-7614-48FE-9982-7291A848EE88}.Release|Any CPU.ActiveCfg = Release|Any CPU
		{7790CDE4-7614-48FE-9982-7291A848EE88}.Release|Any CPU.Build.0 = Release|Any CPU
	EndGlobalSection
	GlobalSection(SolutionProperties) = preSolution
		HideSolutionNode = FALSE
	EndGlobalSection
	GlobalSection(NestedProjects) = preSolution
		{3557BAD8-B6B2-428E-924C-CE612D47B68F} = {C2D43476-AD1E-4B5A-AE10-FB8E1AF716B8}
		{7790CDE4-7614-48FE-9982-7291A848EE88} = {C2D43476-AD1E-4B5A-AE10-FB8E1AF716B8}
	EndGlobalSection
EndGlobal
