
Microsoft Visual Studio Solution File, Format Version 12.00
# Visual Studio 14
VisualStudioVersion = 14.0.25420.1
MinimumVisualStudioVersion = 10.0.40219.1
Project("{FAE04EC0-301F-11D3-BF4B-00C04F79EFBC}") = "StretchOS.Proxy", "StretchOS.Proxy\StretchOS.Proxy.csproj", "{DA3F5E66-D237-46C9-9EA9-EA2D64258FBF}"
EndProject
Project("{FAE04EC0-301F-11D3-BF4B-00C04F79EFBC}") = "StretchOS.Console", "StretchOS.Console\StretchOS.Console.csproj", "{F9D94262-78E0-4D61-8089-80EBFD9818FC}"
EndProject
Project("{FAE04EC0-301F-11D3-BF4B-00C04F79EFBC}") = "StretchOS.Proxy.UnitTests", "StretchOS.Proxy.UnitTests\StretchOS.Proxy.UnitTests.csproj", "{5195774A-3FB5-4194-B1CA-E8D2FF88F897}"
EndProject
Global
	GlobalSection(SolutionConfigurationPlatforms) = preSolution
		Debug|Any CPU = Debug|Any CPU
		Release|Any CPU = Release|Any CPU
	EndGlobalSection
	GlobalSection(ProjectConfigurationPlatforms) = postSolution
		{DA3F5E66-D237-46C9-9EA9-EA2D64258FBF}.Debug|Any CPU.ActiveCfg = Debug|Any CPU
		{DA3F5E66-D237-46C9-9EA9-EA2D64258FBF}.Debug|Any CPU.Build.0 = Debug|Any CPU
		{DA3F5E66-D237-46C9-9EA9-EA2D64258FBF}.Release|Any CPU.ActiveCfg = Release|Any CPU
		{DA3F5E66-D237-46C9-9EA9-EA2D64258FBF}.Release|Any CPU.Build.0 = Release|Any CPU
		{F9D94262-78E0-4D61-8089-80EBFD9818FC}.Debug|Any CPU.ActiveCfg = Debug|Any CPU
		{F9D94262-78E0-4D61-8089-80EBFD9818FC}.Debug|Any CPU.Build.0 = Debug|Any CPU
		{F9D94262-78E0-4D61-8089-80EBFD9818FC}.Release|Any CPU.ActiveCfg = Release|Any CPU
		{F9D94262-78E0-4D61-8089-80EBFD9818FC}.Release|Any CPU.Build.0 = Release|Any CPU
		{5195774A-3FB5-4194-B1CA-E8D2FF88F897}.Debug|Any CPU.ActiveCfg = Debug|Any CPU
		{5195774A-3FB5-4194-B1CA-E8D2FF88F897}.Debug|Any CPU.Build.0 = Debug|Any CPU
		{5195774A-3FB5-4194-B1CA-E8D2FF88F897}.Release|Any CPU.ActiveCfg = Release|Any CPU
		{5195774A-3FB5-4194-B1CA-E8D2FF88F897}.Release|Any CPU.Build.0 = Release|Any CPU
	EndGlobalSection
	GlobalSection(SolutionProperties) = preSolution
		HideSolutionNode = FALSE
	EndGlobalSection
EndGlobal
